{
  "name": "TI-4",
  "lockfileVersion": 3,
  "requires": true,
  "packages": {
    "": {
      "dependencies": {
        "@auth0/auth0-angular": "^2.2.3"
      }
    },
    "node_modules/@angular/common": {
      "version": "18.2.3",
      "resolved": "https://registry.npmjs.org/@angular/common/-/common-18.2.3.tgz",
      "integrity": "sha512-NFL4yXXImSCH7i1xnHykUjHa9vl9827fGiwSV2mnf7LjSUsyDzFD8/54dNuYN9OY8AUD+PnK0YdNro6cczVyIA==",
      "license": "MIT",
      "peer": true,
      "dependencies": {
        "tslib": "^2.3.0"
      },
      "engines": {
        "node": "^18.19.1 || ^20.11.1 || >=22.0.0"
      },
      "peerDependencies": {
        "@angular/core": "18.2.3",
        "rxjs": "^6.5.3 || ^7.4.0"
      }
    },
    "node_modules/@angular/core": {
      "version": "18.2.3",
      "resolved": "https://registry.npmjs.org/@angular/core/-/core-18.2.3.tgz",
      "integrity": "sha512-VGhMJxj7d0rYpqVfQrcGRB7EE/BCziotft/I/YPl6bOMPSAvMukG7DXQuJdYpNrr62ks78mlzHlZX/cdmB9Prw==",
      "license": "MIT",
      "peer": true,
      "dependencies": {
        "tslib": "^2.3.0"
      },
      "engines": {
        "node": "^18.19.1 || ^20.11.1 || >=22.0.0"
      },
      "peerDependencies": {
        "rxjs": "^6.5.3 || ^7.4.0",
        "zone.js": "~0.14.10"
      }
    },
    "node_modules/@angular/platform-browser": {
      "version": "18.2.3",
      "resolved": "https://registry.npmjs.org/@angular/platform-browser/-/platform-browser-18.2.3.tgz",
      "integrity": "sha512-M2ob4zN7tAcL2mx7U6KnZNqNFPFl9MlPBE0FrjQjIzAjU0wSYPIJXmaPu9aMUp9niyo+He5iX98I+URi2Yc99g==",
      "license": "MIT",
      "peer": true,
      "dependencies": {
        "tslib": "^2.3.0"
      },
      "engines": {
        "node": "^18.19.1 || ^20.11.1 || >=22.0.0"
      },
      "peerDependencies": {
        "@angular/animations": "18.2.3",
        "@angular/common": "18.2.3",
        "@angular/core": "18.2.3"
      },
      "peerDependenciesMeta": {
        "@angular/animations": {
          "optional": true
        }
      }
    },
    "node_modules/@angular/router": {
      "version": "18.2.3",
      "resolved": "https://registry.npmjs.org/@angular/router/-/router-18.2.3.tgz",
      "integrity": "sha512-fvD9eSDIiIbeYoUokoWkXzu7/ZaxlzKPUHFqX1JuKuH5ciQDeT/d7lp4mj31Bxammhohzi3+z12THJYsCkj/iQ==",
      "license": "MIT",
      "peer": true,
      "dependencies": {
        "tslib": "^2.3.0"
      },
      "engines": {
        "node": "^18.19.1 || ^20.11.1 || >=22.0.0"
      },
      "peerDependencies": {
        "@angular/common": "18.2.3",
        "@angular/core": "18.2.3",
        "@angular/platform-browser": "18.2.3",
        "rxjs": "^6.5.3 || ^7.4.0"
      }
    },
    "node_modules/@auth0/auth0-angular": {
      "version": "2.2.3",
      "resolved": "https://registry.npmjs.org/@auth0/auth0-angular/-/auth0-angular-2.2.3.tgz",
      "integrity": "sha512-4VI8VOPQe33Q5LSCjKHFGFB8+81HBw/6px3inOe8GRj/seim3F+QhMiz7vw7kcJkRu8ONiykAg6WDS/kVJ7rLg==",
      "license": "MIT",
      "dependencies": {
        "@auth0/auth0-spa-js": "^2.0.1",
        "tslib": "^2.0.0"
      },
      "peerDependencies": {
        "@angular/common": ">=13",
        "@angular/core": ">=13",
        "@angular/router": ">=13"
      }
    },
    "node_modules/@auth0/auth0-spa-js": {
      "version": "2.1.3",
      "resolved": "https://registry.npmjs.org/@auth0/auth0-spa-js/-/auth0-spa-js-2.1.3.tgz",
      "integrity": "sha512-NMTBNuuG4g3rame1aCnNS5qFYIzsTUV5qTFPRfTyYFS1feS6jsCBR+eTq9YkxCp1yuoM2UIcjunPaoPl77U9xQ==",
      "license": "MIT"
    },
    "node_modules/rxjs": {
      "version": "7.8.1",
      "resolved": "https://registry.npmjs.org/rxjs/-/rxjs-7.8.1.tgz",
      "integrity": "sha512-AA3TVj+0A2iuIoQkWEK/tqFjBq2j+6PO6Y0zJcvzLAFhEFIO3HL0vls9hWLncZbAAbK0mar7oZ4V079I/qPMxg==",
      "license": "Apache-2.0",
      "peer": true,
      "dependencies": {
        "tslib": "^2.1.0"
      }
    },
    "node_modules/tslib": {
      "version": "2.7.0",
      "resolved": "https://registry.npmjs.org/tslib/-/tslib-2.7.0.tgz",
      "integrity": "sha512-gLXCKdN1/j47AiHiOkJN69hJmcbGTHI0ImLmbYLHykhgeN0jVGola9yVjFgzCUklsZQMW55o+dW7IXv3RCXDzA==",
      "license": "0BSD"
    },
    "node_modules/zone.js": {
      "version": "0.14.10",
      "resolved": "https://registry.npmjs.org/zone.js/-/zone.js-0.14.10.tgz",
      "integrity": "sha512-YGAhaO7J5ywOXW6InXNlLmfU194F8lVgu7bRntUF3TiG8Y3nBK0x1UJJuHUP/e8IyihkjCYqhCScpSwnlaSRkQ==",
      "license": "MIT",
      "peer": true
    }
  }
}
